
Microsoft Visual Studio Solution File, Format Version 12.00
# Visual Studio Version 16
VisualStudioVersion = 16.0.29613.14
MinimumVisualStudioVersion = 10.0.40219.1
Project("{9A19103F-16F7-4668-BE54-9A1E7A4F7556}") = "terminus.shared.models", "Shared\terminus.shared.models.csproj", "{907263B1-769B-48FE-BB50-719748C7266B}"
EndProject
Project("{9A19103F-16F7-4668-BE54-9A1E7A4F7556}") = "terminus.dataaccess", "terminus.dataaccess\terminus.dataaccess.csproj", "{99A9F6CF-A1EE-4308-94C8-D37CFF1C1721}"
EndProject
Project("{9A19103F-16F7-4668-BE54-9A1E7A4F7556}") = "terminus.webapi", "terminus.webapi\terminus.webapi.csproj", "{42F771B5-BA0E-489A-B387-BAEECB953EE9}"
EndProject
Global
	GlobalSection(SolutionConfigurationPlatforms) = preSolution
		Debug|Any CPU = Debug|Any CPU
		Release|Any CPU = Release|Any CPU
	EndGlobalSection
	GlobalSection(ProjectConfigurationPlatforms) = postSolution
		{907263B1-769B-48FE-BB50-719748C7266B}.Debug|Any CPU.ActiveCfg = Debug|Any CPU
		{907263B1-769B-48FE-BB50-719748C7266B}.Debug|Any CPU.Build.0 = Debug|Any CPU
		{907263B1-769B-48FE-BB50-719748C7266B}.Release|Any CPU.ActiveCfg = Release|Any CPU
		{907263B1-769B-48FE-BB50-719748C7266B}.Release|Any CPU.Build.0 = Release|Any CPU
		{99A9F6CF-A1EE-4308-94C8-D37CFF1C1721}.Debug|Any CPU.ActiveCfg = Debug|Any CPU
		{99A9F6CF-A1EE-4308-94C8-D37CFF1C1721}.Debug|Any CPU.Build.0 = Debug|Any CPU
		{99A9F6CF-A1EE-4308-94C8-D37CFF1C1721}.Release|Any CPU.ActiveCfg = Release|Any CPU
		{99A9F6CF-A1EE-4308-94C8-D37CFF1C1721}.Release|Any CPU.Build.0 = Release|Any CPU
		{42F771B5-BA0E-489A-B387-BAEECB953EE9}.Debug|Any CPU.ActiveCfg = Debug|Any CPU
		{42F771B5-BA0E-489A-B387-BAEECB953EE9}.Debug|Any CPU.Build.0 = Debug|Any CPU
		{42F771B5-BA0E-489A-B387-BAEECB953EE9}.Release|Any CPU.ActiveCfg = Release|Any CPU
		{42F771B5-BA0E-489A-B387-BAEECB953EE9}.Release|Any CPU.Build.0 = Release|Any CPU
	EndGlobalSection
	GlobalSection(SolutionProperties) = preSolution
		HideSolutionNode = FALSE
	EndGlobalSection
	GlobalSection(ExtensibilityGlobals) = postSolution
		SolutionGuid = {912C632D-9E81-485A-B4B2-E6690EF5F0F0}
	EndGlobalSection
EndGlobal
